
Microsoft Visual Studio Solution File, Format Version 12.00
# Visual Studio Version 16
VisualStudioVersion = 16.0.32126.315
MinimumVisualStudioVersion = 10.0.40219.1
Project("{FAE04EC0-301F-11D3-BF4B-00C04F79EFBC}") = "Thoi_Trang", "Thoi_Trang\Thoi_Trang.csproj", "{DC839F6F-7B87-4413-81EF-13A98871CA0D}"
EndProject
Project("{FAE04EC0-301F-11D3-BF4B-00C04F79EFBC}") = "MyClass", "MyClass\MyClass.csproj", "{AEE9F7DE-3CDA-4BE1-B9B5-1E38B490AAE5}"
EndProject
Global
	GlobalSection(SolutionConfigurationPlatforms) = preSolution
		Debug|Any CPU = Debug|Any CPU
		Release|Any CPU = Release|Any CPU
	EndGlobalSection
	GlobalSection(ProjectConfigurationPlatforms) = postSolution
		{DC839F6F-7B87-4413-81EF-13A98871CA0D}.Debug|Any CPU.ActiveCfg = Debug|Any CPU
		{DC839F6F-7B87-4413-81EF-13A98871CA0D}.Debug|Any CPU.Build.0 = Debug|Any CPU
		{DC839F6F-7B87-4413-81EF-13A98871CA0D}.Release|Any CPU.ActiveCfg = Release|Any CPU
		{DC839F6F-7B87-4413-81EF-13A98871CA0D}.Release|Any CPU.Build.0 = Release|Any CPU
		{AEE9F7DE-3CDA-4BE1-B9B5-1E38B490AAE5}.Debug|Any CPU.ActiveCfg = Debug|Any CPU
		{AEE9F7DE-3CDA-4BE1-B9B5-1E38B490AAE5}.Debug|Any CPU.Build.0 = Debug|Any CPU
		{AEE9F7DE-3CDA-4BE1-B9B5-1E38B490AAE5}.Release|Any CPU.ActiveCfg = Release|Any CPU
		{AEE9F7DE-3CDA-4BE1-B9B5-1E38B490AAE5}.Release|Any CPU.Build.0 = Release|Any CPU
	EndGlobalSection
	GlobalSection(SolutionProperties) = preSolution
		HideSolutionNode = FALSE
	EndGlobalSection
	GlobalSection(ExtensibilityGlobals) = postSolution
		SolutionGuid = {55EAF73F-CBCE-461B-B7AF-C43997A5BAAD}
	EndGlobalSection
EndGlobal
